
Microsoft Visual Studio Solution File, Format Version 12.00
# Visual Studio Version 17
VisualStudioVersion = 17.13.35828.75 d17.13
MinimumVisualStudioVersion = 10.0.40219.1
Project("{FAE04EC0-301F-11D3-BF4B-00C04F79EFBC}") = "backend", "backend.csproj", "{3AC6B77F-4BDA-4F91-8803-3756A4DCFEEC}"
EndProject
Global
	GlobalSection(SolutionConfigurationPlatforms) = preSolution
		Debug|Any CPU = Debug|Any CPU
		Release|Any CPU = Release|Any CPU
	EndGlobalSection
	GlobalSection(ProjectConfigurationPlatforms) = postSolution
		{3AC6B77F-4BDA-4F91-8803-3756A4DCFEEC}.Debug|Any CPU.ActiveCfg = Debug|Any CPU
		{3AC6B77F-4BDA-4F91-8803-3756A4DCFEEC}.Debug|Any CPU.Build.0 = Debug|Any CPU
		{3AC6B77F-4BDA-4F91-8803-3756A4DCFEEC}.Release|Any CPU.ActiveCfg = Release|Any CPU
		{3AC6B77F-4BDA-4F91-8803-3756A4DCFEEC}.Release|Any CPU.Build.0 = Release|Any CPU
	EndGlobalSection
	GlobalSection(SolutionProperties) = preSolution
		HideSolutionNode = FALSE
	EndGlobalSection
	GlobalSection(ExtensibilityGlobals) = postSolution
		SolutionGuid = {72B6028B-BB04-49FD-84FF-E9AA101C49B7}
	EndGlobalSection
EndGlobal
